
Microsoft Visual Studio Solution File, Format Version 12.00
# Visual Studio Version 16
VisualStudioVersion = 16.0.31911.196
MinimumVisualStudioVersion = 10.0.40219.1
Project("{FAE04EC0-301F-11D3-BF4B-00C04F79EFBC}") = "aula02If", "aula02If.csproj", "{D630259B-567D-4330-99B9-B21528E532F7}"
EndProject
Global
	GlobalSection(SolutionConfigurationPlatforms) = preSolution
		Debug|Any CPU = Debug|Any CPU
		Release|Any CPU = Release|Any CPU
	EndGlobalSection
	GlobalSection(ProjectConfigurationPlatforms) = postSolution
		{D630259B-567D-4330-99B9-B21528E532F7}.Debug|Any CPU.ActiveCfg = Debug|Any CPU
		{D630259B-567D-4330-99B9-B21528E532F7}.Debug|Any CPU.Build.0 = Debug|Any CPU
		{D630259B-567D-4330-99B9-B21528E532F7}.Release|Any CPU.ActiveCfg = Release|Any CPU
		{D630259B-567D-4330-99B9-B21528E532F7}.Release|Any CPU.Build.0 = Release|Any CPU
	EndGlobalSection
	GlobalSection(SolutionProperties) = preSolution
		HideSolutionNode = FALSE
	EndGlobalSection
	GlobalSection(ExtensibilityGlobals) = postSolution
		SolutionGuid = {3EF63CA7-C0F2-4DED-BBD1-D0870FEDFB22}
	EndGlobalSection
EndGlobal
