
Microsoft Visual Studio Solution File, Format Version 12.00
# Visual Studio Version 16
VisualStudioVersion = 16.0.31911.196
MinimumVisualStudioVersion = 10.0.40219.1
Project("{FAE04EC0-301F-11D3-BF4B-00C04F79EFBC}") = "aula02IfComposto", "aula02IfComposto.csproj", "{BE311919-3B70-4725-B6C0-529A037D1203}"
EndProject
Global
	GlobalSection(SolutionConfigurationPlatforms) = preSolution
		Debug|Any CPU = Debug|Any CPU
		Release|Any CPU = Release|Any CPU
	EndGlobalSection
	GlobalSection(ProjectConfigurationPlatforms) = postSolution
		{BE311919-3B70-4725-B6C0-529A037D1203}.Debug|Any CPU.ActiveCfg = Debug|Any CPU
		{BE311919-3B70-4725-B6C0-529A037D1203}.Debug|Any CPU.Build.0 = Debug|Any CPU
		{BE311919-3B70-4725-B6C0-529A037D1203}.Release|Any CPU.ActiveCfg = Release|Any CPU
		{BE311919-3B70-4725-B6C0-529A037D1203}.Release|Any CPU.Build.0 = Release|Any CPU
	EndGlobalSection
	GlobalSection(SolutionProperties) = preSolution
		HideSolutionNode = FALSE
	EndGlobalSection
	GlobalSection(ExtensibilityGlobals) = postSolution
		SolutionGuid = {1F9B4D4D-E6D6-410D-B60C-B9DC2D762B93}
	EndGlobalSection
EndGlobal
