
Microsoft Visual Studio Solution File, Format Version 12.00
# Visual Studio Version 16
VisualStudioVersion = 16.0.31911.196
MinimumVisualStudioVersion = 10.0.40219.1
Project("{FAE04EC0-301F-11D3-BF4B-00C04F79EFBC}") = "boasVindas", "boasVindas\boasVindas.csproj", "{C82602ED-5361-417E-8511-FD366C9D15CF}"
EndProject
Global
	GlobalSection(SolutionConfigurationPlatforms) = preSolution
		Debug|Any CPU = Debug|Any CPU
		Release|Any CPU = Release|Any CPU
	EndGlobalSection
	GlobalSection(ProjectConfigurationPlatforms) = postSolution
		{C82602ED-5361-417E-8511-FD366C9D15CF}.Debug|Any CPU.ActiveCfg = Debug|Any CPU
		{C82602ED-5361-417E-8511-FD366C9D15CF}.Debug|Any CPU.Build.0 = Debug|Any CPU
		{C82602ED-5361-417E-8511-FD366C9D15CF}.Release|Any CPU.ActiveCfg = Release|Any CPU
		{C82602ED-5361-417E-8511-FD366C9D15CF}.Release|Any CPU.Build.0 = Release|Any CPU
	EndGlobalSection
	GlobalSection(SolutionProperties) = preSolution
		HideSolutionNode = FALSE
	EndGlobalSection
	GlobalSection(ExtensibilityGlobals) = postSolution
		SolutionGuid = {1D23AA05-C18B-40DD-A47A-1DA08EA12A80}
	EndGlobalSection
EndGlobal
