
Microsoft Visual Studio Solution File, Format Version 12.00
# Visual Studio Version 16
VisualStudioVersion = 16.0.32002.261
MinimumVisualStudioVersion = 10.0.40219.1
Project("{FAE04EC0-301F-11D3-BF4B-00C04F79EFBC}") = "aula03SwitchCase", "aula03SwitchCase.csproj", "{B1F151C8-B7CD-4255-8045-70B4D69783F5}"
EndProject
Global
	GlobalSection(SolutionConfigurationPlatforms) = preSolution
		Debug|Any CPU = Debug|Any CPU
		Release|Any CPU = Release|Any CPU
	EndGlobalSection
	GlobalSection(ProjectConfigurationPlatforms) = postSolution
		{B1F151C8-B7CD-4255-8045-70B4D69783F5}.Debug|Any CPU.ActiveCfg = Debug|Any CPU
		{B1F151C8-B7CD-4255-8045-70B4D69783F5}.Debug|Any CPU.Build.0 = Debug|Any CPU
		{B1F151C8-B7CD-4255-8045-70B4D69783F5}.Release|Any CPU.ActiveCfg = Release|Any CPU
		{B1F151C8-B7CD-4255-8045-70B4D69783F5}.Release|Any CPU.Build.0 = Release|Any CPU
	EndGlobalSection
	GlobalSection(SolutionProperties) = preSolution
		HideSolutionNode = FALSE
	EndGlobalSection
	GlobalSection(ExtensibilityGlobals) = postSolution
		SolutionGuid = {3A13A062-E583-453E-AF1E-DF0F86B9142C}
	EndGlobalSection
EndGlobal
