
Microsoft Visual Studio Solution File, Format Version 12.00
# Visual Studio Version 16
VisualStudioVersion = 16.0.32002.261
MinimumVisualStudioVersion = 10.0.40219.1
Project("{FAE04EC0-301F-11D3-BF4B-00C04F79EFBC}") = "aula03OperadoresLogicos02", "aula03OperadoresLogicos02.csproj", "{B9CB9C0E-51B6-4316-860E-DC11CDD584AD}"
EndProject
Global
	GlobalSection(SolutionConfigurationPlatforms) = preSolution
		Debug|Any CPU = Debug|Any CPU
		Release|Any CPU = Release|Any CPU
	EndGlobalSection
	GlobalSection(ProjectConfigurationPlatforms) = postSolution
		{B9CB9C0E-51B6-4316-860E-DC11CDD584AD}.Debug|Any CPU.ActiveCfg = Debug|Any CPU
		{B9CB9C0E-51B6-4316-860E-DC11CDD584AD}.Debug|Any CPU.Build.0 = Debug|Any CPU
		{B9CB9C0E-51B6-4316-860E-DC11CDD584AD}.Release|Any CPU.ActiveCfg = Release|Any CPU
		{B9CB9C0E-51B6-4316-860E-DC11CDD584AD}.Release|Any CPU.Build.0 = Release|Any CPU
	EndGlobalSection
	GlobalSection(SolutionProperties) = preSolution
		HideSolutionNode = FALSE
	EndGlobalSection
	GlobalSection(ExtensibilityGlobals) = postSolution
		SolutionGuid = {70110A96-EFE0-4504-AB3B-472A458F9EE0}
	EndGlobalSection
EndGlobal
